
Microsoft Visual Studio Solution File, Format Version 12.00
# Visual Studio 15
Project("{FAE04EC0-301F-11D3-BF4B-00C04F79EFBC}") = "C.A.L.M", "C.A.L.M.csproj", "{54E04F63-07F8-5E23-5385-00F790432AEF}"
EndProject
Project("{FAE04EC0-301F-11D3-BF4B-00C04F79EFBC}") = "C.A.L.M.Plugins", "C.A.L.M.Plugins.csproj", "{469DA776-0B9F-0956-8C2A-111A98EF6501}"
EndProject
Global
	GlobalSection(SolutionConfigurationPlatforms) = preSolution
		Debug|Any CPU = Debug|Any CPU
		Release|Any CPU = Release|Any CPU
	EndGlobalSection
	GlobalSection(ProjectConfigurationPlatforms) = postSolution
		{54E04F63-07F8-5E23-5385-00F790432AEF}.Debug|Any CPU.ActiveCfg = Debug|Any CPU
		{54E04F63-07F8-5E23-5385-00F790432AEF}.Debug|Any CPU.Build.0 = Debug|Any CPU
		{54E04F63-07F8-5E23-5385-00F790432AEF}.Release|Any CPU.ActiveCfg = Release|Any CPU
		{54E04F63-07F8-5E23-5385-00F790432AEF}.Release|Any CPU.Build.0 = Release|Any CPU
		{469DA776-0B9F-0956-8C2A-111A98EF6501}.Debug|Any CPU.ActiveCfg = Debug|Any CPU
		{469DA776-0B9F-0956-8C2A-111A98EF6501}.Debug|Any CPU.Build.0 = Debug|Any CPU
		{469DA776-0B9F-0956-8C2A-111A98EF6501}.Release|Any CPU.ActiveCfg = Release|Any CPU
		{469DA776-0B9F-0956-8C2A-111A98EF6501}.Release|Any CPU.Build.0 = Release|Any CPU
	EndGlobalSection
	GlobalSection(SolutionProperties) = preSolution
		HideSolutionNode = FALSE
	EndGlobalSection
EndGlobal
